
Microsoft Visual Studio Solution File, Format Version 12.00
# Visual Studio Version 17
VisualStudioVersion = 17.5.33530.505
MinimumVisualStudioVersion = 10.0.40219.1
Project("{FAE04EC0-301F-11D3-BF4B-00C04F79EFBC}") = "CarTrab", "CarTrab\CarTrab.csproj", "{E3673A37-87E4-40D9-A18A-F9C3456FAD32}"
EndProject
Project("{E53339B2-1760-4266-BCC7-CA923CBCF16C}") = "docker-compose", "docker-compose.dcproj", "{3EBCB19F-CB2D-4B7E-8F92-0BA9F913EEBD}"
EndProject
Global
	GlobalSection(SolutionConfigurationPlatforms) = preSolution
		Debug|Any CPU = Debug|Any CPU
		Release|Any CPU = Release|Any CPU
	EndGlobalSection
	GlobalSection(ProjectConfigurationPlatforms) = postSolution
		{E3673A37-87E4-40D9-A18A-F9C3456FAD32}.Debug|Any CPU.ActiveCfg = Debug|Any CPU
		{E3673A37-87E4-40D9-A18A-F9C3456FAD32}.Debug|Any CPU.Build.0 = Debug|Any CPU
		{E3673A37-87E4-40D9-A18A-F9C3456FAD32}.Release|Any CPU.ActiveCfg = Release|Any CPU
		{E3673A37-87E4-40D9-A18A-F9C3456FAD32}.Release|Any CPU.Build.0 = Release|Any CPU
		{3EBCB19F-CB2D-4B7E-8F92-0BA9F913EEBD}.Debug|Any CPU.ActiveCfg = Debug|Any CPU
		{3EBCB19F-CB2D-4B7E-8F92-0BA9F913EEBD}.Debug|Any CPU.Build.0 = Debug|Any CPU
		{3EBCB19F-CB2D-4B7E-8F92-0BA9F913EEBD}.Release|Any CPU.ActiveCfg = Release|Any CPU
		{3EBCB19F-CB2D-4B7E-8F92-0BA9F913EEBD}.Release|Any CPU.Build.0 = Release|Any CPU
	EndGlobalSection
	GlobalSection(SolutionProperties) = preSolution
		HideSolutionNode = FALSE
	EndGlobalSection
	GlobalSection(ExtensibilityGlobals) = postSolution
		SolutionGuid = {8EDE1200-4F74-4D00-B216-3DF5FCC07811}
	EndGlobalSection
EndGlobal
